
Microsoft Visual Studio Solution File, Format Version 12.00
# Visual Studio Version 17
VisualStudioVersion = 17.8.34525.116
MinimumVisualStudioVersion = 10.0.40219.1
Project("{FAE04EC0-301F-11D3-BF4B-00C04F79EFBC}") = "DreamyTasty", "DreamyTasty\DreamyTasty.csproj", "{8BBFBF6D-AE71-4E64-AB7C-999F745A8E59}"
EndProject
Global
	GlobalSection(SolutionConfigurationPlatforms) = preSolution
		Debug|Any CPU = Debug|Any CPU
		Release|Any CPU = Release|Any CPU
	EndGlobalSection
	GlobalSection(ProjectConfigurationPlatforms) = postSolution
		{8BBFBF6D-AE71-4E64-AB7C-999F745A8E59}.Debug|Any CPU.ActiveCfg = Debug|Any CPU
		{8BBFBF6D-AE71-4E64-AB7C-999F745A8E59}.Debug|Any CPU.Build.0 = Debug|Any CPU
		{8BBFBF6D-AE71-4E64-AB7C-999F745A8E59}.Release|Any CPU.ActiveCfg = Release|Any CPU
		{8BBFBF6D-AE71-4E64-AB7C-999F745A8E59}.Release|Any CPU.Build.0 = Release|Any CPU
	EndGlobalSection
	GlobalSection(SolutionProperties) = preSolution
		HideSolutionNode = FALSE
	EndGlobalSection
	GlobalSection(ExtensibilityGlobals) = postSolution
		SolutionGuid = {D6B60E34-72FF-4FAA-A906-54D7597F157B}
	EndGlobalSection
EndGlobal
